
Microsoft Visual Studio Solution File, Format Version 12.00
# Visual Studio Version 16
VisualStudioVersion = 16.0.32407.337
MinimumVisualStudioVersion = 10.0.40219.1
Project("{FAE04EC0-301F-11D3-BF4B-00C04F79EFBC}") = "webb", "webb\webb.csproj", "{EE49D43E-2197-41DC-B524-A631F1F90A3B}"
EndProject
Global
	GlobalSection(SolutionConfigurationPlatforms) = preSolution
		Debug|Any CPU = Debug|Any CPU
		Release|Any CPU = Release|Any CPU
	EndGlobalSection
	GlobalSection(ProjectConfigurationPlatforms) = postSolution
		{EE49D43E-2197-41DC-B524-A631F1F90A3B}.Debug|Any CPU.ActiveCfg = Debug|Any CPU
		{EE49D43E-2197-41DC-B524-A631F1F90A3B}.Debug|Any CPU.Build.0 = Debug|Any CPU
		{EE49D43E-2197-41DC-B524-A631F1F90A3B}.Release|Any CPU.ActiveCfg = Release|Any CPU
		{EE49D43E-2197-41DC-B524-A631F1F90A3B}.Release|Any CPU.Build.0 = Release|Any CPU
	EndGlobalSection
	GlobalSection(SolutionProperties) = preSolution
		HideSolutionNode = FALSE
	EndGlobalSection
	GlobalSection(ExtensibilityGlobals) = postSolution
		SolutionGuid = {03235B71-5081-4C45-85EA-7485B49FFD59}
	EndGlobalSection
EndGlobal
